
Microsoft Visual Studio Solution File, Format Version 12.00
# Visual Studio Version 17
VisualStudioVersion = 17.0.31903.59
MinimumVisualStudioVersion = 10.0.40219.1
Project("{2150E333-8FDC-42A3-9474-1A3956D46DE8}") = "BackendAPI", "BackendAPI", "{BB1A4DDA-9B66-82B4-A194-4827440FE49A}"
EndProject
Project("{FAE04EC0-301F-11D3-BF4B-00C04F79EFBC}") = "backend", "BackendAPI\backend.csproj", "{8999E492-CB30-4E80-B957-428BF4DECEC9}"
EndProject
Project("{FAE04EC0-301F-11D3-BF4B-00C04F79EFBC}") = "BackendTests", "BackendTests\BackendTests.csproj", "{07BA1286-64D9-4876-858F-5D5CD99C30D1}"
EndProject
Global
	GlobalSection(SolutionConfigurationPlatforms) = preSolution
		Debug|Any CPU = Debug|Any CPU
		Debug|x64 = Debug|x64
		Debug|x86 = Debug|x86
		Release|Any CPU = Release|Any CPU
		Release|x64 = Release|x64
		Release|x86 = Release|x86
	EndGlobalSection
	GlobalSection(ProjectConfigurationPlatforms) = postSolution
		{8999E492-CB30-4E80-B957-428BF4DECEC9}.Debug|Any CPU.ActiveCfg = Debug|Any CPU
		{8999E492-CB30-4E80-B957-428BF4DECEC9}.Debug|Any CPU.Build.0 = Debug|Any CPU
		{8999E492-CB30-4E80-B957-428BF4DECEC9}.Debug|x64.ActiveCfg = Debug|Any CPU
		{8999E492-CB30-4E80-B957-428BF4DECEC9}.Debug|x64.Build.0 = Debug|Any CPU
		{8999E492-CB30-4E80-B957-428BF4DECEC9}.Debug|x86.ActiveCfg = Debug|Any CPU
		{8999E492-CB30-4E80-B957-428BF4DECEC9}.Debug|x86.Build.0 = Debug|Any CPU
		{8999E492-CB30-4E80-B957-428BF4DECEC9}.Release|Any CPU.ActiveCfg = Release|Any CPU
		{8999E492-CB30-4E80-B957-428BF4DECEC9}.Release|Any CPU.Build.0 = Release|Any CPU
		{8999E492-CB30-4E80-B957-428BF4DECEC9}.Release|x64.ActiveCfg = Release|Any CPU
		{8999E492-CB30-4E80-B957-428BF4DECEC9}.Release|x64.Build.0 = Release|Any CPU
		{8999E492-CB30-4E80-B957-428BF4DECEC9}.Release|x86.ActiveCfg = Release|Any CPU
		{8999E492-CB30-4E80-B957-428BF4DECEC9}.Release|x86.Build.0 = Release|Any CPU
		{07BA1286-64D9-4876-858F-5D5CD99C30D1}.Debug|Any CPU.ActiveCfg = Debug|Any CPU
		{07BA1286-64D9-4876-858F-5D5CD99C30D1}.Debug|Any CPU.Build.0 = Debug|Any CPU
		{07BA1286-64D9-4876-858F-5D5CD99C30D1}.Debug|x64.ActiveCfg = Debug|Any CPU
		{07BA1286-64D9-4876-858F-5D5CD99C30D1}.Debug|x64.Build.0 = Debug|Any CPU
		{07BA1286-64D9-4876-858F-5D5CD99C30D1}.Debug|x86.ActiveCfg = Debug|Any CPU
		{07BA1286-64D9-4876-858F-5D5CD99C30D1}.Debug|x86.Build.0 = Debug|Any CPU
		{07BA1286-64D9-4876-858F-5D5CD99C30D1}.Release|Any CPU.ActiveCfg = Release|Any CPU
		{07BA1286-64D9-4876-858F-5D5CD99C30D1}.Release|Any CPU.Build.0 = Release|Any CPU
		{07BA1286-64D9-4876-858F-5D5CD99C30D1}.Release|x64.ActiveCfg = Release|Any CPU
		{07BA1286-64D9-4876-858F-5D5CD99C30D1}.Release|x64.Build.0 = Release|Any CPU
		{07BA1286-64D9-4876-858F-5D5CD99C30D1}.Release|x86.ActiveCfg = Release|Any CPU
		{07BA1286-64D9-4876-858F-5D5CD99C30D1}.Release|x86.Build.0 = Release|Any CPU
	EndGlobalSection
	GlobalSection(SolutionProperties) = preSolution
		HideSolutionNode = FALSE
	EndGlobalSection
	GlobalSection(NestedProjects) = preSolution
		{8999E492-CB30-4E80-B957-428BF4DECEC9} = {BB1A4DDA-9B66-82B4-A194-4827440FE49A}
	EndGlobalSection
EndGlobal
